
Microsoft Visual Studio Solution File, Format Version 12.00
# Visual Studio 15
VisualStudioVersion = 15.0.27130.0
MinimumVisualStudioVersion = 10.0.40219.1
Project("{FAE04EC0-301F-11D3-BF4B-00C04F79EFBC}") = "CL Argument Parser", "CL Argument Parser\CL Argument Parser.csproj", "{1AE15E16-7079-4B85-8674-D171B37F4FFE}"
EndProject
Project("{FAE04EC0-301F-11D3-BF4B-00C04F79EFBC}") = "CL Argument Parser.Tests", "CL Argument Parser.Tests\CL Argument Parser.Tests.csproj", "{95299E15-3747-477B-8AD4-52363D79AE30}"
EndProject
Global
	GlobalSection(SolutionConfigurationPlatforms) = preSolution
		Debug|Any CPU = Debug|Any CPU
		Release|Any CPU = Release|Any CPU
	EndGlobalSection
	GlobalSection(ProjectConfigurationPlatforms) = postSolution
		{1AE15E16-7079-4B85-8674-D171B37F4FFE}.Debug|Any CPU.ActiveCfg = Debug|Any CPU
		{1AE15E16-7079-4B85-8674-D171B37F4FFE}.Debug|Any CPU.Build.0 = Debug|Any CPU
		{1AE15E16-7079-4B85-8674-D171B37F4FFE}.Release|Any CPU.ActiveCfg = Release|Any CPU
		{1AE15E16-7079-4B85-8674-D171B37F4FFE}.Release|Any CPU.Build.0 = Release|Any CPU
		{95299E15-3747-477B-8AD4-52363D79AE30}.Debug|Any CPU.ActiveCfg = Debug|Any CPU
		{95299E15-3747-477B-8AD4-52363D79AE30}.Debug|Any CPU.Build.0 = Debug|Any CPU
		{95299E15-3747-477B-8AD4-52363D79AE30}.Release|Any CPU.ActiveCfg = Release|Any CPU
		{95299E15-3747-477B-8AD4-52363D79AE30}.Release|Any CPU.Build.0 = Release|Any CPU
	EndGlobalSection
	GlobalSection(SolutionProperties) = preSolution
		HideSolutionNode = FALSE
	EndGlobalSection
	GlobalSection(ExtensibilityGlobals) = postSolution
		SolutionGuid = {EBB94C2A-7E34-419E-B3E5-359BD3436CE2}
	EndGlobalSection
EndGlobal
